// !$*UTF8*$!
{
	archiveVersion = 1;
	classes = {
	};
	objectVersion = 56;
	objects = {

/* Begin PBXBuildFile section */
		EEC8C6302AC47A9C00BEE667 /* WatchLandmarksApp.swift in Sources */ = {isa = PBXBuildFile; fileRef = EEC8C62F2AC47A9C00BEE667 /* WatchLandmarksApp.swift */; };
		EEC8C6322AC47A9C00BEE667 /* ContentView.swift in Sources */ = {isa = PBXBuildFile; fileRef = EEC8C6312AC47A9C00BEE667 /* ContentView.swift */; };
		EEC8C6342AC47A9E00BEE667 /* Assets.xcassets in Resources */ = {isa = PBXBuildFile; fileRef = EEC8C6332AC47A9E00BEE667 /* Assets.xcassets */; };
		EEC8C6372AC47A9E00BEE667 /* Preview Assets.xcassets in Resources */ = {isa = PBXBuildFile; fileRef = EEC8C6362AC47A9E00BEE667 /* Preview Assets.xcassets */; };
		EEC8C63A2AC47A9E00BEE667 /* WatchLandmarks Watch App.app in Embed Watch Content */ = {isa = PBXBuildFile; fileRef = EEC8C62D2AC47A9C00BEE667 /* WatchLandmarks Watch App.app */; settings = {ATTRIBUTES = (RemoveHeadersOnCopy, ); }; };
		EEC8C63F2AC47ADE00BEE667 /* Hike.swift in Sources */ = {isa = PBXBuildFile; fileRef = EED6CA822AB8DFCB00C1B421 /* Hike.swift */; };
		EEC8C6402AC47ADE00BEE667 /* Profile.swift in Sources */ = {isa = PBXBuildFile; fileRef = EED6CA942ABB0FC900C1B421 /* Profile.swift */; };
		EEC8C6412AC47ADE00BEE667 /* Landmark.swift in Sources */ = {isa = PBXBuildFile; fileRef = EED6CA662AB6656E00C1B421 /* Landmark.swift */; };
		EEC8C6422AC47ADE00BEE667 /* LandmarkList.swift in Sources */ = {isa = PBXBuildFile; fileRef = EED6CA6E2AB7157500C1B421 /* LandmarkList.swift */; };
		EEC8C6432AC47ADE00BEE667 /* ModelData.swift in Sources */ = {isa = PBXBuildFile; fileRef = EED6CA682AB6682400C1B421 /* ModelData.swift */; };
		EEC8C6442AC47ADE00BEE667 /* LandmarkRow.swift in Sources */ = {isa = PBXBuildFile; fileRef = EED6CA6C2AB669E100C1B421 /* LandmarkRow.swift */; };
		EEC8C6452AC47ADE00BEE667 /* CircleView.swift in Sources */ = {isa = PBXBuildFile; fileRef = EED6CA602AB649D000C1B421 /* CircleView.swift */; };
		EEC8C6462AC47ADE00BEE667 /* MapView.swift in Sources */ = {isa = PBXBuildFile; fileRef = EED6CA622AB64B7300C1B421 /* MapView.swift */; };
		EEC8C6472AC47AE500BEE667 /* Assets.xcassets in Resources */ = {isa = PBXBuildFile; fileRef = EED6CA552AB60AA600C1B421 /* Assets.xcassets */; };
		EEC8C6482AC47AE500BEE667 /* hikeData.json in Resources */ = {isa = PBXBuildFile; fileRef = EED6CA802AB8DF9200C1B421 /* hikeData.json */; };
		EEC8C6492AC47AE500BEE667 /* landmarkData.json in Resources */ = {isa = PBXBuildFile; fileRef = EED6CA642AB6655100C1B421 /* landmarkData.json */; };
		EEC8C64B2AC47B4400BEE667 /* LandmarkDetail.swift in Sources */ = {isa = PBXBuildFile; fileRef = EEC8C64A2AC47B4400BEE667 /* LandmarkDetail.swift */; };
		EEC8C64D2AC4924800BEE667 /* NotificationView.swift in Sources */ = {isa = PBXBuildFile; fileRef = EEC8C64C2AC4924800BEE667 /* NotificationView.swift */; };
		EEC8C64F2AC4965800BEE667 /* NotificationController.swift in Sources */ = {isa = PBXBuildFile; fileRef = EEC8C64E2AC4965800BEE667 /* NotificationController.swift */; };
		EEC8C6512AC499F400BEE667 /* PushNotificationPayload.apns in Resources */ = {isa = PBXBuildFile; fileRef = EEC8C6502AC499F300BEE667 /* PushNotificationPayload.apns */; };
		EED6CA522AB60AA400C1B421 /* SwiftUI_HomeworkApp.swift in Sources */ = {isa = PBXBuildFile; fileRef = EED6CA512AB60AA400C1B421 /* SwiftUI_HomeworkApp.swift */; };
		EED6CA542AB60AA400C1B421 /* ContentView.swift in Sources */ = {isa = PBXBuildFile; fileRef = EED6CA532AB60AA400C1B421 /* ContentView.swift */; };
		EED6CA562AB60AA600C1B421 /* Assets.xcassets in Resources */ = {isa = PBXBuildFile; fileRef = EED6CA552AB60AA600C1B421 /* Assets.xcassets */; };
		EED6CA5A2AB60AA600C1B421 /* Preview Assets.xcassets in Resources */ = {isa = PBXBuildFile; fileRef = EED6CA592AB60AA600C1B421 /* Preview Assets.xcassets */; };
		EED6CA612AB649D000C1B421 /* CircleView.swift in Sources */ = {isa = PBXBuildFile; fileRef = EED6CA602AB649D000C1B421 /* CircleView.swift */; };
		EED6CA632AB64B7400C1B421 /* MapView.swift in Sources */ = {isa = PBXBuildFile; fileRef = EED6CA622AB64B7300C1B421 /* MapView.swift */; };
		EED6CA652AB6655100C1B421 /* landmarkData.json in Resources */ = {isa = PBXBuildFile; fileRef = EED6CA642AB6655100C1B421 /* landmarkData.json */; };
		EED6CA672AB6656E00C1B421 /* Landmark.swift in Sources */ = {isa = PBXBuildFile; fileRef = EED6CA662AB6656E00C1B421 /* Landmark.swift */; };
		EED6CA692AB6682400C1B421 /* ModelData.swift in Sources */ = {isa = PBXBuildFile; fileRef = EED6CA682AB6682400C1B421 /* ModelData.swift */; };
		EED6CA6D2AB669E100C1B421 /* LandmarkRow.swift in Sources */ = {isa = PBXBuildFile; fileRef = EED6CA6C2AB669E100C1B421 /* LandmarkRow.swift */; };
		EED6CA6F2AB7157500C1B421 /* LandmarkList.swift in Sources */ = {isa = PBXBuildFile; fileRef = EED6CA6E2AB7157500C1B421 /* LandmarkList.swift */; };
		EED6CA712AB75B3700C1B421 /* LandmarkDetail.swift in Sources */ = {isa = PBXBuildFile; fileRef = EED6CA702AB75B3700C1B421 /* LandmarkDetail.swift */; };
		EED6CA732AB7979100C1B421 /* FavoriteButton.swift in Sources */ = {isa = PBXBuildFile; fileRef = EED6CA722AB7979100C1B421 /* FavoriteButton.swift */; };
		EED6CA752AB79C3E00C1B421 /* HexagonParameters.swift in Sources */ = {isa = PBXBuildFile; fileRef = EED6CA742AB79C3E00C1B421 /* HexagonParameters.swift */; };
		EED6CA782AB7B02300C1B421 /* BadgeBackground.swift in Sources */ = {isa = PBXBuildFile; fileRef = EED6CA772AB7B02300C1B421 /* BadgeBackground.swift */; };
		EED6CA7A2AB8459300C1B421 /* BadgeSymbol.swift in Sources */ = {isa = PBXBuildFile; fileRef = EED6CA792AB8459300C1B421 /* BadgeSymbol.swift */; };
		EED6CA7D2AB85F6200C1B421 /* RotatedBadgeSymbol.swift in Sources */ = {isa = PBXBuildFile; fileRef = EED6CA7C2AB85F6200C1B421 /* RotatedBadgeSymbol.swift */; };
		EED6CA7F2AB8602400C1B421 /* Badge.swift in Sources */ = {isa = PBXBuildFile; fileRef = EED6CA7E2AB8602400C1B421 /* Badge.swift */; };
		EED6CA812AB8DF9200C1B421 /* hikeData.json in Resources */ = {isa = PBXBuildFile; fileRef = EED6CA802AB8DF9200C1B421 /* hikeData.json */; };
		EED6CA832AB8DFCB00C1B421 /* Hike.swift in Sources */ = {isa = PBXBuildFile; fileRef = EED6CA822AB8DFCB00C1B421 /* Hike.swift */; };
		EED6CA892AB8E12000C1B421 /* GraphCapsule.swift in Sources */ = {isa = PBXBuildFile; fileRef = EED6CA852AB8E12000C1B421 /* GraphCapsule.swift */; };
		EED6CA8A2AB8E12000C1B421 /* HikeGraph.swift in Sources */ = {isa = PBXBuildFile; fileRef = EED6CA862AB8E12000C1B421 /* HikeGraph.swift */; };
		EED6CA8B2AB8E12000C1B421 /* HikeDetail.swift in Sources */ = {isa = PBXBuildFile; fileRef = EED6CA872AB8E12000C1B421 /* HikeDetail.swift */; };
		EED6CA8C2AB8E12000C1B421 /* HikeView.swift in Sources */ = {isa = PBXBuildFile; fileRef = EED6CA882AB8E12000C1B421 /* HikeView.swift */; };
		EED6CA8E2AB9C3DC00C1B421 /* CategoryHome.swift in Sources */ = {isa = PBXBuildFile; fileRef = EED6CA8D2AB9C3DC00C1B421 /* CategoryHome.swift */; };
		EED6CA912AB9C95F00C1B421 /* CategoryRow.swift in Sources */ = {isa = PBXBuildFile; fileRef = EED6CA902AB9C95F00C1B421 /* CategoryRow.swift */; };
		EED6CA932AB9CC3C00C1B421 /* CategoryItem.swift in Sources */ = {isa = PBXBuildFile; fileRef = EED6CA922AB9CC3C00C1B421 /* CategoryItem.swift */; };
		EED6CA952ABB0FC900C1B421 /* Profile.swift in Sources */ = {isa = PBXBuildFile; fileRef = EED6CA942ABB0FC900C1B421 /* Profile.swift */; };
		EED6CA972ABB101400C1B421 /* ProfileHost.swift in Sources */ = {isa = PBXBuildFile; fileRef = EED6CA962ABB101400C1B421 /* ProfileHost.swift */; };
		EED6CA992ABB126600C1B421 /* ProfileSummary.swift in Sources */ = {isa = PBXBuildFile; fileRef = EED6CA982ABB126600C1B421 /* ProfileSummary.swift */; };
		EED6CA9B2ABB137000C1B421 /* HikeBadge.swift in Sources */ = {isa = PBXBuildFile; fileRef = EED6CA9A2ABB137000C1B421 /* HikeBadge.swift */; };
		EED6CA9D2ABB712F00C1B421 /* ProfileEditor.swift in Sources */ = {isa = PBXBuildFile; fileRef = EED6CA9C2ABB712F00C1B421 /* ProfileEditor.swift */; };
		EEF452A82AC3309A00F76BE1 /* PageViewController.swift in Sources */ = {isa = PBXBuildFile; fileRef = EEF452A72AC3309A00F76BE1 /* PageViewController.swift */; };
		EEF452AA2AC33CCD00F76BE1 /* FeatureCard.swift in Sources */ = {isa = PBXBuildFile; fileRef = EEF452A92AC33CCD00F76BE1 /* FeatureCard.swift */; };
		EEF452AC2AC33D9A00F76BE1 /* PageView.swift in Sources */ = {isa = PBXBuildFile; fileRef = EEF452AB2AC33D9A00F76BE1 /* PageView.swift */; };
		EEF452AE2AC33FF800F76BE1 /* PageControl.swift in Sources */ = {isa = PBXBuildFile; fileRef = EEF452AD2AC33FF800F76BE1 /* PageControl.swift */; };
/* End PBXBuildFile section */

/* Begin PBXContainerItemProxy section */
		EEC8C6382AC47A9E00BEE667 /* PBXContainerItemProxy */ = {
			isa = PBXContainerItemProxy;
			containerPortal = EED6CA462AB60AA400C1B421 /* Project object */;
			proxyType = 1;
			remoteGlobalIDString = EEC8C62C2AC47A9C00BEE667;
			remoteInfo = "WatchLandmarks Watch App";
		};
/* End PBXContainerItemProxy section */

/* Begin PBXCopyFilesBuildPhase section */
		EEC8C63B2AC47A9E00BEE667 /* Embed Watch Content */ = {
			isa = PBXCopyFilesBuildPhase;
			buildActionMask = 2147483647;
			dstPath = "$(CONTENTS_FOLDER_PATH)/Watch";
			dstSubfolderSpec = 16;
			files = (
				EEC8C63A2AC47A9E00BEE667 /* WatchLandmarks Watch App.app in Embed Watch Content */,
			);
			name = "Embed Watch Content";
			runOnlyForDeploymentPostprocessing = 0;
		};
/* End PBXCopyFilesBuildPhase section */

/* Begin PBXFileReference section */
		EEC8C62D2AC47A9C00BEE667 /* WatchLandmarks Watch App.app */ = {isa = PBXFileReference; explicitFileType = wrapper.application; includeInIndex = 0; path = "WatchLandmarks Watch App.app"; sourceTree = BUILT_PRODUCTS_DIR; };
		EEC8C62F2AC47A9C00BEE667 /* WatchLandmarksApp.swift */ = {isa = PBXFileReference; lastKnownFileType = sourcecode.swift; path = WatchLandmarksApp.swift; sourceTree = "<group>"; };
		EEC8C6312AC47A9C00BEE667 /* ContentView.swift */ = {isa = PBXFileReference; lastKnownFileType = sourcecode.swift; path = ContentView.swift; sourceTree = "<group>"; };
		EEC8C6332AC47A9E00BEE667 /* Assets.xcassets */ = {isa = PBXFileReference; lastKnownFileType = folder.assetcatalog; path = Assets.xcassets; sourceTree = "<group>"; };
		EEC8C6362AC47A9E00BEE667 /* Preview Assets.xcassets */ = {isa = PBXFileReference; lastKnownFileType = folder.assetcatalog; path = "Preview Assets.xcassets"; sourceTree = "<group>"; };
		EEC8C64A2AC47B4400BEE667 /* LandmarkDetail.swift */ = {isa = PBXFileReference; lastKnownFileType = sourcecode.swift; path = LandmarkDetail.swift; sourceTree = "<group>"; };
		EEC8C64C2AC4924800BEE667 /* NotificationView.swift */ = {isa = PBXFileReference; lastKnownFileType = sourcecode.swift; path = NotificationView.swift; sourceTree = "<group>"; };
		EEC8C64E2AC4965800BEE667 /* NotificationController.swift */ = {isa = PBXFileReference; lastKnownFileType = sourcecode.swift; path = NotificationController.swift; sourceTree = "<group>"; };
		EEC8C6502AC499F300BEE667 /* PushNotificationPayload.apns */ = {isa = PBXFileReference; fileEncoding = 4; lastKnownFileType = text; path = PushNotificationPayload.apns; sourceTree = "<group>"; };
		EED6CA4E2AB60AA400C1B421 /* SwiftUI-Homework.app */ = {isa = PBXFileReference; explicitFileType = wrapper.application; includeInIndex = 0; path = "SwiftUI-Homework.app"; sourceTree = BUILT_PRODUCTS_DIR; };
		EED6CA512AB60AA400C1B421 /* SwiftUI_HomeworkApp.swift */ = {isa = PBXFileReference; lastKnownFileType = sourcecode.swift; path = SwiftUI_HomeworkApp.swift; sourceTree = "<group>"; };
		EED6CA532AB60AA400C1B421 /* ContentView.swift */ = {isa = PBXFileReference; lastKnownFileType = sourcecode.swift; path = ContentView.swift; sourceTree = "<group>"; };
		EED6CA552AB60AA600C1B421 /* Assets.xcassets */ = {isa = PBXFileReference; lastKnownFileType = folder.assetcatalog; path = Assets.xcassets; sourceTree = "<group>"; };
		EED6CA572AB60AA600C1B421 /* SwiftUI_Homework.entitlements */ = {isa = PBXFileReference; lastKnownFileType = text.plist.entitlements; path = SwiftUI_Homework.entitlements; sourceTree = "<group>"; };
		EED6CA592AB60AA600C1B421 /* Preview Assets.xcassets */ = {isa = PBXFileReference; lastKnownFileType = folder.assetcatalog; path = "Preview Assets.xcassets"; sourceTree = "<group>"; };
		EED6CA602AB649D000C1B421 /* CircleView.swift */ = {isa = PBXFileReference; lastKnownFileType = sourcecode.swift; path = CircleView.swift; sourceTree = "<group>"; };
		EED6CA622AB64B7300C1B421 /* MapView.swift */ = {isa = PBXFileReference; lastKnownFileType = sourcecode.swift; path = MapView.swift; sourceTree = "<group>"; };
		EED6CA642AB6655100C1B421 /* landmarkData.json */ = {isa = PBXFileReference; fileEncoding = 4; lastKnownFileType = text.json; path = landmarkData.json; sourceTree = "<group>"; };
		EED6CA662AB6656E00C1B421 /* Landmark.swift */ = {isa = PBXFileReference; lastKnownFileType = sourcecode.swift; path = Landmark.swift; sourceTree = "<group>"; };
		EED6CA682AB6682400C1B421 /* ModelData.swift */ = {isa = PBXFileReference; lastKnownFileType = sourcecode.swift; path = ModelData.swift; sourceTree = "<group>"; };
		EED6CA6C2AB669E100C1B421 /* LandmarkRow.swift */ = {isa = PBXFileReference; lastKnownFileType = sourcecode.swift; path = LandmarkRow.swift; sourceTree = "<group>"; };
		EED6CA6E2AB7157500C1B421 /* LandmarkList.swift */ = {isa = PBXFileReference; lastKnownFileType = sourcecode.swift; path = LandmarkList.swift; sourceTree = "<group>"; };
		EED6CA702AB75B3700C1B421 /* LandmarkDetail.swift */ = {isa = PBXFileReference; lastKnownFileType = sourcecode.swift; path = LandmarkDetail.swift; sourceTree = "<group>"; };
		EED6CA722AB7979100C1B421 /* FavoriteButton.swift */ = {isa = PBXFileReference; lastKnownFileType = sourcecode.swift; path = FavoriteButton.swift; sourceTree = "<group>"; };
		EED6CA742AB79C3E00C1B421 /* HexagonParameters.swift */ = {isa = PBXFileReference; lastKnownFileType = sourcecode.swift; path = HexagonParameters.swift; sourceTree = "<group>"; };
		EED6CA772AB7B02300C1B421 /* BadgeBackground.swift */ = {isa = PBXFileReference; lastKnownFileType = sourcecode.swift; path = BadgeBackground.swift; sourceTree = "<group>"; };
		EED6CA792AB8459300C1B421 /* BadgeSymbol.swift */ = {isa = PBXFileReference; lastKnownFileType = sourcecode.swift; path = BadgeSymbol.swift; sourceTree = "<group>"; };
		EED6CA7C2AB85F6200C1B421 /* RotatedBadgeSymbol.swift */ = {isa = PBXFileReference; lastKnownFileType = sourcecode.swift; path = RotatedBadgeSymbol.swift; sourceTree = "<group>"; };
		EED6CA7E2AB8602400C1B421 /* Badge.swift */ = {isa = PBXFileReference; lastKnownFileType = sourcecode.swift; path = Badge.swift; sourceTree = "<group>"; };
		EED6CA802AB8DF9200C1B421 /* hikeData.json */ = {isa = PBXFileReference; fileEncoding = 4; lastKnownFileType = text.json; path = hikeData.json; sourceTree = "<group>"; };
		EED6CA822AB8DFCB00C1B421 /* Hike.swift */ = {isa = PBXFileReference; lastKnownFileType = sourcecode.swift; path = Hike.swift; sourceTree = "<group>"; };
		EED6CA852AB8E12000C1B421 /* GraphCapsule.swift */ = {isa = PBXFileReference; fileEncoding = 4; lastKnownFileType = sourcecode.swift; path = GraphCapsule.swift; sourceTree = "<group>"; };
		EED6CA862AB8E12000C1B421 /* HikeGraph.swift */ = {isa = PBXFileReference; fileEncoding = 4; lastKnownFileType = sourcecode.swift; path = HikeGraph.swift; sourceTree = "<group>"; };
		EED6CA872AB8E12000C1B421 /* HikeDetail.swift */ = {isa = PBXFileReference; fileEncoding = 4; lastKnownFileType = sourcecode.swift; path = HikeDetail.swift; sourceTree = "<group>"; };
		EED6CA882AB8E12000C1B421 /* HikeView.swift */ = {isa = PBXFileReference; fileEncoding = 4; lastKnownFileType = sourcecode.swift; path = HikeView.swift; sourceTree = "<group>"; };
		EED6CA8D2AB9C3DC00C1B421 /* CategoryHome.swift */ = {isa = PBXFileReference; lastKnownFileType = sourcecode.swift; path = CategoryHome.swift; sourceTree = "<group>"; };
		EED6CA902AB9C95F00C1B421 /* CategoryRow.swift */ = {isa = PBXFileReference; lastKnownFileType = sourcecode.swift; path = CategoryRow.swift; sourceTree = "<group>"; };
		EED6CA922AB9CC3C00C1B421 /* CategoryItem.swift */ = {isa = PBXFileReference; lastKnownFileType = sourcecode.swift; path = CategoryItem.swift; sourceTree = "<group>"; };
		EED6CA942ABB0FC900C1B421 /* Profile.swift */ = {isa = PBXFileReference; lastKnownFileType = sourcecode.swift; path = Profile.swift; sourceTree = "<group>"; };
		EED6CA962ABB101400C1B421 /* ProfileHost.swift */ = {isa = PBXFileReference; lastKnownFileType = sourcecode.swift; path = ProfileHost.swift; sourceTree = "<group>"; };
		EED6CA982ABB126600C1B421 /* ProfileSummary.swift */ = {isa = PBXFileReference; lastKnownFileType = sourcecode.swift; path = ProfileSummary.swift; sourceTree = "<group>"; };
		EED6CA9A2ABB137000C1B421 /* HikeBadge.swift */ = {isa = PBXFileReference; lastKnownFileType = sourcecode.swift; path = HikeBadge.swift; sourceTree = "<group>"; };
		EED6CA9C2ABB712F00C1B421 /* ProfileEditor.swift */ = {isa = PBXFileReference; lastKnownFileType = sourcecode.swift; path = ProfileEditor.swift; sourceTree = "<group>"; };
		EEF452A72AC3309A00F76BE1 /* PageViewController.swift */ = {isa = PBXFileReference; lastKnownFileType = sourcecode.swift; path = PageViewController.swift; sourceTree = "<group>"; };
		EEF452A92AC33CCD00F76BE1 /* FeatureCard.swift */ = {isa = PBXFileReference; lastKnownFileType = sourcecode.swift; path = FeatureCard.swift; sourceTree = "<group>"; };
		EEF452AB2AC33D9A00F76BE1 /* PageView.swift */ = {isa = PBXFileReference; lastKnownFileType = sourcecode.swift; path = PageView.swift; sourceTree = "<group>"; };
		EEF452AD2AC33FF800F76BE1 /* PageControl.swift */ = {isa = PBXFileReference; lastKnownFileType = sourcecode.swift; path = PageControl.swift; sourceTree = "<group>"; };
/* End PBXFileReference section */

/* Begin PBXFrameworksBuildPhase section */
		EEC8C62A2AC47A9C00BEE667 /* Frameworks */ = {
			isa = PBXFrameworksBuildPhase;
			buildActionMask = 2147483647;
			files = (
			);
			runOnlyForDeploymentPostprocessing = 0;
		};
		EED6CA4B2AB60AA400C1B421 /* Frameworks */ = {
			isa = PBXFrameworksBuildPhase;
			buildActionMask = 2147483647;
			files = (
			);
			runOnlyForDeploymentPostprocessing = 0;
		};
/* End PBXFrameworksBuildPhase section */

/* Begin PBXGroup section */
		EEC8C62E2AC47A9C00BEE667 /* WatchLandmarks Watch App */ = {
			isa = PBXGroup;
			children = (
				EEC8C62F2AC47A9C00BEE667 /* WatchLandmarksApp.swift */,
				EEC8C6312AC47A9C00BEE667 /* ContentView.swift */,
				EEC8C64A2AC47B4400BEE667 /* LandmarkDetail.swift */,
				EEC8C64C2AC4924800BEE667 /* NotificationView.swift */,
				EEC8C64E2AC4965800BEE667 /* NotificationController.swift */,
				EEC8C6502AC499F300BEE667 /* PushNotificationPayload.apns */,
				EEC8C6332AC47A9E00BEE667 /* Assets.xcassets */,
				EEC8C6352AC47A9E00BEE667 /* Preview Content */,
			);
			path = "WatchLandmarks Watch App";
			sourceTree = "<group>";
		};
		EEC8C6352AC47A9E00BEE667 /* Preview Content */ = {
			isa = PBXGroup;
			children = (
				EEC8C6362AC47A9E00BEE667 /* Preview Assets.xcassets */,
			);
			path = "Preview Content";
			sourceTree = "<group>";
		};
		EED6CA452AB60AA400C1B421 = {
			isa = PBXGroup;
			children = (
				EED6CA502AB60AA400C1B421 /* SwiftUI-Homework */,
				EEC8C62E2AC47A9C00BEE667 /* WatchLandmarks Watch App */,
				EED6CA4F2AB60AA400C1B421 /* Products */,
			);
			sourceTree = "<group>";
		};
		EED6CA4F2AB60AA400C1B421 /* Products */ = {
			isa = PBXGroup;
			children = (
				EED6CA4E2AB60AA400C1B421 /* SwiftUI-Homework.app */,
				EEC8C62D2AC47A9C00BEE667 /* WatchLandmarks Watch App.app */,
			);
			name = Products;
			sourceTree = "<group>";
		};
		EED6CA502AB60AA400C1B421 /* SwiftUI-Homework */ = {
			isa = PBXGroup;
			children = (
				EED6CA512AB60AA400C1B421 /* SwiftUI_HomeworkApp.swift */,
				EED6CA6A2AB6692D00C1B421 /* Models */,
				EED6CA6B2AB6693E00C1B421 /* Views */,
				EED6CA552AB60AA600C1B421 /* Assets.xcassets */,
				EED6CA572AB60AA600C1B421 /* SwiftUI_Homework.entitlements */,
				EED6CA642AB6655100C1B421 /* landmarkData.json */,
				EED6CA802AB8DF9200C1B421 /* hikeData.json */,
				EED6CA582AB60AA600C1B421 /* Preview Content */,
			);
			path = "SwiftUI-Homework";
			sourceTree = "<group>";
		};
		EED6CA582AB60AA600C1B421 /* Preview Content */ = {
			isa = PBXGroup;
			children = (
				EED6CA592AB60AA600C1B421 /* Preview Assets.xcassets */,
			);
			path = "Preview Content";
			sourceTree = "<group>";
		};
		EED6CA6A2AB6692D00C1B421 /* Models */ = {
			isa = PBXGroup;
			children = (
				EED6CA942ABB0FC900C1B421 /* Profile.swift */,
				EED6CA822AB8DFCB00C1B421 /* Hike.swift */,
				EED6CA662AB6656E00C1B421 /* Landmark.swift */,
				EED6CA682AB6682400C1B421 /* ModelData.swift */,
			);
			path = Models;
			sourceTree = "<group>";
		};
		EED6CA6B2AB6693E00C1B421 /* Views */ = {
			isa = PBXGroup;
			children = (
				EED6CA532AB60AA400C1B421 /* ContentView.swift */,
				EEF452A62AC3306F00F76BE1 /* PageView */,
				EED6CA842AB8E12000C1B421 /* Hikes */,
				EED6CA8F2AB9C79900C1B421 /* Category */,
				EED6CA7B2AB8459900C1B421 /* Badge */,
				EED6CA762AB79C5F00C1B421 /* Landmarks */,
				EED6CA602AB649D000C1B421 /* CircleView.swift */,
				EED6CA722AB7979100C1B421 /* FavoriteButton.swift */,
				EED6CA622AB64B7300C1B421 /* MapView.swift */,
				EED6CA9E2ABB71D800C1B421 /* Profile */,
			);
			path = Views;
			sourceTree = "<group>";
		};
		EED6CA762AB79C5F00C1B421 /* Landmarks */ = {
			isa = PBXGroup;
			children = (
				EED6CA702AB75B3700C1B421 /* LandmarkDetail.swift */,
				EED6CA6C2AB669E100C1B421 /* LandmarkRow.swift */,
				EED6CA6E2AB7157500C1B421 /* LandmarkList.swift */,
			);
			path = Landmarks;
			sourceTree = "<group>";
		};
		EED6CA7B2AB8459900C1B421 /* Badge */ = {
			isa = PBXGroup;
			children = (
				EED6CA9A2ABB137000C1B421 /* HikeBadge.swift */,
				EED6CA772AB7B02300C1B421 /* BadgeBackground.swift */,
				EED6CA792AB8459300C1B421 /* BadgeSymbol.swift */,
				EED6CA7C2AB85F6200C1B421 /* RotatedBadgeSymbol.swift */,
				EED6CA7E2AB8602400C1B421 /* Badge.swift */,
				EED6CA742AB79C3E00C1B421 /* HexagonParameters.swift */,
			);
			path = Badge;
			sourceTree = "<group>";
		};
		EED6CA842AB8E12000C1B421 /* Hikes */ = {
			isa = PBXGroup;
			children = (
				EED6CA852AB8E12000C1B421 /* GraphCapsule.swift */,
				EED6CA862AB8E12000C1B421 /* HikeGraph.swift */,
				EED6CA872AB8E12000C1B421 /* HikeDetail.swift */,
				EED6CA882AB8E12000C1B421 /* HikeView.swift */,
			);
			path = Hikes;
			sourceTree = "<group>";
		};
		EED6CA8F2AB9C79900C1B421 /* Category */ = {
			isa = PBXGroup;
			children = (
				EED6CA8D2AB9C3DC00C1B421 /* CategoryHome.swift */,
				EED6CA902AB9C95F00C1B421 /* CategoryRow.swift */,
				EED6CA922AB9CC3C00C1B421 /* CategoryItem.swift */,
			);
			path = Category;
			sourceTree = "<group>";
		};
		EED6CA9E2ABB71D800C1B421 /* Profile */ = {
			isa = PBXGroup;
			children = (
				EED6CA962ABB101400C1B421 /* ProfileHost.swift */,
				EED6CA9C2ABB712F00C1B421 /* ProfileEditor.swift */,
				EED6CA982ABB126600C1B421 /* ProfileSummary.swift */,
			);
			path = Profile;
			sourceTree = "<group>";
		};
		EEF452A62AC3306F00F76BE1 /* PageView */ = {
			isa = PBXGroup;
			children = (
				EEF452A72AC3309A00F76BE1 /* PageViewController.swift */,
				EEF452AD2AC33FF800F76BE1 /* PageControl.swift */,
				EEF452A92AC33CCD00F76BE1 /* FeatureCard.swift */,
				EEF452AB2AC33D9A00F76BE1 /* PageView.swift */,
			);
			path = PageView;
			sourceTree = "<group>";
		};
/* End PBXGroup section */

/* Begin PBXNativeTarget section */
		EEC8C62C2AC47A9C00BEE667 /* WatchLandmarks Watch App */ = {
			isa = PBXNativeTarget;
			buildConfigurationList = EEC8C63E2AC47A9E00BEE667 /* Build configuration list for PBXNativeTarget "WatchLandmarks Watch App" */;
			buildPhases = (
				EEC8C6292AC47A9C00BEE667 /* Sources */,
				EEC8C62A2AC47A9C00BEE667 /* Frameworks */,
				EEC8C62B2AC47A9C00BEE667 /* Resources */,
			);
			buildRules = (
			);
			dependencies = (
			);
			name = "WatchLandmarks Watch App";
			productName = "WatchLandmarks Watch App";
			productReference = EEC8C62D2AC47A9C00BEE667 /* WatchLandmarks Watch App.app */;
			productType = "com.apple.product-type.application";
		};
		EED6CA4D2AB60AA400C1B421 /* SwiftUI-Homework */ = {
			isa = PBXNativeTarget;
			buildConfigurationList = EED6CA5D2AB60AA600C1B421 /* Build configuration list for PBXNativeTarget "SwiftUI-Homework" */;
			buildPhases = (
				EED6CA4A2AB60AA400C1B421 /* Sources */,
				EED6CA4B2AB60AA400C1B421 /* Frameworks */,
				EED6CA4C2AB60AA400C1B421 /* Resources */,
				EEC8C63B2AC47A9E00BEE667 /* Embed Watch Content */,
			);
			buildRules = (
			);
			dependencies = (
				EEC8C6392AC47A9E00BEE667 /* PBXTargetDependency */,
			);
			name = "SwiftUI-Homework";
			productName = "SwiftUI-Homework";
			productReference = EED6CA4E2AB60AA400C1B421 /* SwiftUI-Homework.app */;
			productType = "com.apple.product-type.application";
		};
/* End PBXNativeTarget section */

/* Begin PBXProject section */
		EED6CA462AB60AA400C1B421 /* Project object */ = {
			isa = PBXProject;
			attributes = {
				BuildIndependentTargetsInParallel = 1;
				LastSwiftUpdateCheck = 1500;
				LastUpgradeCheck = 1430;
				TargetAttributes = {
					EEC8C62C2AC47A9C00BEE667 = {
						CreatedOnToolsVersion = 15.0;
					};
					EED6CA4D2AB60AA400C1B421 = {
						CreatedOnToolsVersion = 14.3.1;
					};
				};
			};
			buildConfigurationList = EED6CA492AB60AA400C1B421 /* Build configuration list for PBXProject "SwiftUI-Homework" */;
			compatibilityVersion = "Xcode 14.0";
			developmentRegion = en;
			hasScannedForEncodings = 0;
			knownRegions = (
				en,
				Base,
			);
			mainGroup = EED6CA452AB60AA400C1B421;
			productRefGroup = EED6CA4F2AB60AA400C1B421 /* Products */;
			projectDirPath = "";
			projectRoot = "";
			targets = (
				EED6CA4D2AB60AA400C1B421 /* SwiftUI-Homework */,
				EEC8C62C2AC47A9C00BEE667 /* WatchLandmarks Watch App */,
			);
		};
/* End PBXProject section */

/* Begin PBXResourcesBuildPhase section */
		EEC8C62B2AC47A9C00BEE667 /* Resources */ = {
			isa = PBXResourcesBuildPhase;
			buildActionMask = 2147483647;
			files = (
				EEC8C6482AC47AE500BEE667 /* hikeData.json in Resources */,
				EEC8C6372AC47A9E00BEE667 /* Preview Assets.xcassets in Resources */,
				EEC8C6472AC47AE500BEE667 /* Assets.xcassets in Resources */,
				EEC8C6492AC47AE500BEE667 /* landmarkData.json in Resources */,
				EEC8C6342AC47A9E00BEE667 /* Assets.xcassets in Resources */,
				EEC8C6512AC499F400BEE667 /* PushNotificationPayload.apns in Resources */,
			);
			runOnlyForDeploymentPostprocessing = 0;
		};
		EED6CA4C2AB60AA400C1B421 /* Resources */ = {
			isa = PBXResourcesBuildPhase;
			buildActionMask = 2147483647;
			files = (
				EED6CA812AB8DF9200C1B421 /* hikeData.json in Resources */,
				EED6CA5A2AB60AA600C1B421 /* Preview Assets.xcassets in Resources */,
				EED6CA562AB60AA600C1B421 /* Assets.xcassets in Resources */,
				EED6CA652AB6655100C1B421 /* landmarkData.json in Resources */,
			);
			runOnlyForDeploymentPostprocessing = 0;
		};
/* End PBXResourcesBuildPhase section */

/* Begin PBXSourcesBuildPhase section */
		EEC8C6292AC47A9C00BEE667 /* Sources */ = {
			isa = PBXSourcesBuildPhase;
			buildActionMask = 2147483647;
			files = (
				EEC8C6452AC47ADE00BEE667 /* CircleView.swift in Sources */,
				EEC8C63F2AC47ADE00BEE667 /* Hike.swift in Sources */,
				EEC8C6422AC47ADE00BEE667 /* LandmarkList.swift in Sources */,
				EEC8C6402AC47ADE00BEE667 /* Profile.swift in Sources */,
				EEC8C6322AC47A9C00BEE667 /* ContentView.swift in Sources */,
				EEC8C6302AC47A9C00BEE667 /* WatchLandmarksApp.swift in Sources */,
				EEC8C6412AC47ADE00BEE667 /* Landmark.swift in Sources */,
				EEC8C6462AC47ADE00BEE667 /* MapView.swift in Sources */,
				EEC8C6442AC47ADE00BEE667 /* LandmarkRow.swift in Sources */,
				EEC8C64F2AC4965800BEE667 /* NotificationController.swift in Sources */,
				EEC8C6432AC47ADE00BEE667 /* ModelData.swift in Sources */,
				EEC8C64B2AC47B4400BEE667 /* LandmarkDetail.swift in Sources */,
				EEC8C64D2AC4924800BEE667 /* NotificationView.swift in Sources */,
			);
			runOnlyForDeploymentPostprocessing = 0;
		};
		EED6CA4A2AB60AA400C1B421 /* Sources */ = {
			isa = PBXSourcesBuildPhase;
			buildActionMask = 2147483647;
			files = (
				EED6CA912AB9C95F00C1B421 /* CategoryRow.swift in Sources */,
				EED6CA952ABB0FC900C1B421 /* Profile.swift in Sources */,
				EED6CA9D2ABB712F00C1B421 /* ProfileEditor.swift in Sources */,
				EED6CA612AB649D000C1B421 /* CircleView.swift in Sources */,
				EEF452AA2AC33CCD00F76BE1 /* FeatureCard.swift in Sources */,
				EED6CA8E2AB9C3DC00C1B421 /* CategoryHome.swift in Sources */,
				EED6CA8A2AB8E12000C1B421 /* HikeGraph.swift in Sources */,
				EED6CA7F2AB8602400C1B421 /* Badge.swift in Sources */,
				EED6CA632AB64B7400C1B421 /* MapView.swift in Sources */,
				EED6CA892AB8E12000C1B421 /* GraphCapsule.swift in Sources */,
				EEF452AE2AC33FF800F76BE1 /* PageControl.swift in Sources */,
				EED6CA542AB60AA400C1B421 /* ContentView.swift in Sources */,
				EED6CA732AB7979100C1B421 /* FavoriteButton.swift in Sources */,
				EED6CA932AB9CC3C00C1B421 /* CategoryItem.swift in Sources */,
				EED6CA8B2AB8E12000C1B421 /* HikeDetail.swift in Sources */,
				EED6CA992ABB126600C1B421 /* ProfileSummary.swift in Sources */,
				EED6CA752AB79C3E00C1B421 /* HexagonParameters.swift in Sources */,
				EED6CA972ABB101400C1B421 /* ProfileHost.swift in Sources */,
				EED6CA832AB8DFCB00C1B421 /* Hike.swift in Sources */,
				EEF452AC2AC33D9A00F76BE1 /* PageView.swift in Sources */,
				EED6CA7D2AB85F6200C1B421 /* RotatedBadgeSymbol.swift in Sources */,
				EED6CA7A2AB8459300C1B421 /* BadgeSymbol.swift in Sources */,
				EED6CA6F2AB7157500C1B421 /* LandmarkList.swift in Sources */,
				EED6CA8C2AB8E12000C1B421 /* HikeView.swift in Sources */,
				EED6CA712AB75B3700C1B421 /* LandmarkDetail.swift in Sources */,
				EEF452A82AC3309A00F76BE1 /* PageViewController.swift in Sources */,
				EED6CA782AB7B02300C1B421 /* BadgeBackground.swift in Sources */,
				EED6CA9B2ABB137000C1B421 /* HikeBadge.swift in Sources */,
				EED6CA522AB60AA400C1B421 /* SwiftUI_HomeworkApp.swift in Sources */,
				EED6CA672AB6656E00C1B421 /* Landmark.swift in Sources */,
				EED6CA6D2AB669E100C1B421 /* LandmarkRow.swift in Sources */,
				EED6CA692AB6682400C1B421 /* ModelData.swift in Sources */,
			);
			runOnlyForDeploymentPostprocessing = 0;
		};
/* End PBXSourcesBuildPhase section */

/* Begin PBXTargetDependency section */
		EEC8C6392AC47A9E00BEE667 /* PBXTargetDependency */ = {
			isa = PBXTargetDependency;
			target = EEC8C62C2AC47A9C00BEE667 /* WatchLandmarks Watch App */;
			targetProxy = EEC8C6382AC47A9E00BEE667 /* PBXContainerItemProxy */;
		};
/* End PBXTargetDependency section */

/* Begin XCBuildConfiguration section */
		EEC8C63C2AC47A9E00BEE667 /* Debug */ = {
			isa = XCBuildConfiguration;
			buildSettings = {
				ASSETCATALOG_COMPILER_APPICON_NAME = AppIcon;
				ASSETCATALOG_COMPILER_GENERATE_SWIFT_ASSET_SYMBOL_EXTENSIONS = YES;
				ASSETCATALOG_COMPILER_GLOBAL_ACCENT_COLOR_NAME = AccentColor;
				CODE_SIGN_STYLE = Automatic;
				CURRENT_PROJECT_VERSION = 1;
				DEVELOPMENT_ASSET_PATHS = "\"WatchLandmarks Watch App/Preview Content\"";
				DEVELOPMENT_TEAM = V6R4C94Z69;
				ENABLE_PREVIEWS = YES;
				ENABLE_USER_SCRIPT_SANDBOXING = YES;
				GCC_C_LANGUAGE_STANDARD = gnu17;
				GENERATE_INFOPLIST_FILE = YES;
				INFOPLIST_KEY_CFBundleDisplayName = WatchLandmarks;
				INFOPLIST_KEY_UISupportedInterfaceOrientations = "UIInterfaceOrientationPortrait UIInterfaceOrientationPortraitUpsideDown";
				INFOPLIST_KEY_WKCompanionAppBundleIdentifier = "grigorchukanastasiia.SwiftUI-Homework";
				INFOPLIST_KEY_WKRunsIndependentlyOfCompanionApp = YES;
				LD_RUNPATH_SEARCH_PATHS = (
					"$(inherited)",
					"@executable_path/Frameworks",
				);
				LOCALIZATION_PREFERS_STRING_CATALOGS = YES;
				MARKETING_VERSION = 1.0;
				PRODUCT_BUNDLE_IDENTIFIER = "grigorchukanastasiia.SwiftUI-Homework.watchkitapp";
				PRODUCT_NAME = "$(TARGET_NAME)";
				SDKROOT = watchos;
				SKIP_INSTALL = YES;
				SWIFT_ACTIVE_COMPILATION_CONDITIONS = "DEBUG $(inherited)";
				SWIFT_EMIT_LOC_STRINGS = YES;
				SWIFT_VERSION = 5.0;
				TARGETED_DEVICE_FAMILY = 4;
				WATCHOS_DEPLOYMENT_TARGET = 10.0;
			};
			name = Debug;
		};
		EEC8C63D2AC47A9E00BEE667 /* Release */ = {
			isa = XCBuildConfiguration;
			buildSettings = {
				ASSETCATALOG_COMPILER_APPICON_NAME = AppIcon;
				ASSETCATALOG_COMPILER_GENERATE_SWIFT_ASSET_SYMBOL_EXTENSIONS = YES;
				ASSETCATALOG_COMPILER_GLOBAL_ACCENT_COLOR_NAME = AccentColor;
				CODE_SIGN_STYLE = Automatic;
				CURRENT_PROJECT_VERSION = 1;
				DEVELOPMENT_ASSET_PATHS = "\"WatchLandmarks Watch App/Preview Content\"";
				DEVELOPMENT_TEAM = V6R4C94Z69;
				ENABLE_PREVIEWS = YES;
				ENABLE_USER_SCRIPT_SANDBOXING = YES;
				GCC_C_LANGUAGE_STANDARD = gnu17;
				GENERATE_INFOPLIST_FILE = YES;
				INFOPLIST_KEY_CFBundleDisplayName = WatchLandmarks;
				INFOPLIST_KEY_UISupportedInterfaceOrientations = "UIInterfaceOrientationPortrait UIInterfaceOrientationPortraitUpsideDown";
				INFOPLIST_KEY_WKCompanionAppBundleIdentifier = "grigorchukanastasiia.SwiftUI-Homework";
				INFOPLIST_KEY_WKRunsIndependentlyOfCompanionApp = YES;
				LD_RUNPATH_SEARCH_PATHS = (
					"$(inherited)",
					"@executable_path/Frameworks",
				);
				LOCALIZATION_PREFERS_STRING_CATALOGS = YES;
				MARKETING_VERSION = 1.0;
				PRODUCT_BUNDLE_IDENTIFIER = "grigorchukanastasiia.SwiftUI-Homework.watchkitapp";
				PRODUCT_NAME = "$(TARGET_NAME)";
				SDKROOT = watchos;
				SKIP_INSTALL = YES;
				SWIFT_EMIT_LOC_STRINGS = YES;
				SWIFT_VERSION = 5.0;
				TARGETED_DEVICE_FAMILY = 4;
				VALIDATE_PRODUCT = YES;
				WATCHOS_DEPLOYMENT_TARGET = 10.0;
			};
			name = Release;
		};
		EED6CA5B2AB60AA600C1B421 /* Debug */ = {
			isa = XCBuildConfiguration;
			buildSettings = {
				ALWAYS_SEARCH_USER_PATHS = NO;
				CLANG_ANALYZER_NONNULL = YES;
				CLANG_ANALYZER_NUMBER_OBJECT_CONVERSION = YES_AGGRESSIVE;
				CLANG_CXX_LANGUAGE_STANDARD = "gnu++20";
				CLANG_ENABLE_MODULES = YES;
				CLANG_ENABLE_OBJC_ARC = YES;
				CLANG_ENABLE_OBJC_WEAK = YES;
				CLANG_WARN_BLOCK_CAPTURE_AUTORELEASING = YES;
				CLANG_WARN_BOOL_CONVERSION = YES;
				CLANG_WARN_COMMA = YES;
				CLANG_WARN_CONSTANT_CONVERSION = YES;
				CLANG_WARN_DEPRECATED_OBJC_IMPLEMENTATIONS = YES;
				CLANG_WARN_DIRECT_OBJC_ISA_USAGE = YES_ERROR;
				CLANG_WARN_DOCUMENTATION_COMMENTS = YES;
				CLANG_WARN_EMPTY_BODY = YES;
				CLANG_WARN_ENUM_CONVERSION = YES;
				CLANG_WARN_INFINITE_RECURSION = YES;
				CLANG_WARN_INT_CONVERSION = YES;
				CLANG_WARN_NON_LITERAL_NULL_CONVERSION = YES;
				CLANG_WARN_OBJC_IMPLICIT_RETAIN_SELF = YES;
				CLANG_WARN_OBJC_LITERAL_CONVERSION = YES;
				CLANG_WARN_OBJC_ROOT_CLASS = YES_ERROR;
				CLANG_WARN_QUOTED_INCLUDE_IN_FRAMEWORK_HEADER = YES;
				CLANG_WARN_RANGE_LOOP_ANALYSIS = YES;
				CLANG_WARN_STRICT_PROTOTYPES = YES;
				CLANG_WARN_SUSPICIOUS_MOVE = YES;
				CLANG_WARN_UNGUARDED_AVAILABILITY = YES_AGGRESSIVE;
				CLANG_WARN_UNREACHABLE_CODE = YES;
				CLANG_WARN__DUPLICATE_METHOD_MATCH = YES;
				COPY_PHASE_STRIP = NO;
				DEBUG_INFORMATION_FORMAT = dwarf;
				ENABLE_STRICT_OBJC_MSGSEND = YES;
				ENABLE_TESTABILITY = YES;
				GCC_C_LANGUAGE_STANDARD = gnu11;
				GCC_DYNAMIC_NO_PIC = NO;
				GCC_NO_COMMON_BLOCKS = YES;
				GCC_OPTIMIZATION_LEVEL = 0;
				GCC_PREPROCESSOR_DEFINITIONS = (
					"DEBUG=1",
					"$(inherited)",
				);
				GCC_WARN_64_TO_32_BIT_CONVERSION = YES;
				GCC_WARN_ABOUT_RETURN_TYPE = YES_ERROR;
				GCC_WARN_UNDECLARED_SELECTOR = YES;
				GCC_WARN_UNINITIALIZED_AUTOS = YES_AGGRESSIVE;
				GCC_WARN_UNUSED_FUNCTION = YES;
				GCC_WARN_UNUSED_VARIABLE = YES;
				MTL_ENABLE_DEBUG_INFO = INCLUDE_SOURCE;
				MTL_FAST_MATH = YES;
				ONLY_ACTIVE_ARCH = YES;
				SWIFT_ACTIVE_COMPILATION_CONDITIONS = DEBUG;
				SWIFT_OPTIMIZATION_LEVEL = "-Onone";
			};
			name = Debug;
		};
		EED6CA5C2AB60AA600C1B421 /* Release */ = {
			isa = XCBuildConfiguration;
			buildSettings = {
				ALWAYS_SEARCH_USER_PATHS = NO;
				CLANG_ANALYZER_NONNULL = YES;
				CLANG_ANALYZER_NUMBER_OBJECT_CONVERSION = YES_AGGRESSIVE;
				CLANG_CXX_LANGUAGE_STANDARD = "gnu++20";
				CLANG_ENABLE_MODULES = YES;
				CLANG_ENABLE_OBJC_ARC = YES;
				CLANG_ENABLE_OBJC_WEAK = YES;
				CLANG_WARN_BLOCK_CAPTURE_AUTORELEASING = YES;
				CLANG_WARN_BOOL_CONVERSION = YES;
				CLANG_WARN_COMMA = YES;
				CLANG_WARN_CONSTANT_CONVERSION = YES;
				CLANG_WARN_DEPRECATED_OBJC_IMPLEMENTATIONS = YES;
				CLANG_WARN_DIRECT_OBJC_ISA_USAGE = YES_ERROR;
				CLANG_WARN_DOCUMENTATION_COMMENTS = YES;
				CLANG_WARN_EMPTY_BODY = YES;
				CLANG_WARN_ENUM_CONVERSION = YES;
				CLANG_WARN_INFINITE_RECURSION = YES;
				CLANG_WARN_INT_CONVERSION = YES;
				CLANG_WARN_NON_LITERAL_NULL_CONVERSION = YES;
				CLANG_WARN_OBJC_IMPLICIT_RETAIN_SELF = YES;
				CLANG_WARN_OBJC_LITERAL_CONVERSION = YES;
				CLANG_WARN_OBJC_ROOT_CLASS = YES_ERROR;
				CLANG_WARN_QUOTED_INCLUDE_IN_FRAMEWORK_HEADER = YES;
				CLANG_WARN_RANGE_LOOP_ANALYSIS = YES;
				CLANG_WARN_STRICT_PROTOTYPES = YES;
				CLANG_WARN_SUSPICIOUS_MOVE = YES;
				CLANG_WARN_UNGUARDED_AVAILABILITY = YES_AGGRESSIVE;
				CLANG_WARN_UNREACHABLE_CODE = YES;
				CLANG_WARN__DUPLICATE_METHOD_MATCH = YES;
				COPY_PHASE_STRIP = NO;
				DEBUG_INFORMATION_FORMAT = "dwarf-with-dsym";
				ENABLE_NS_ASSERTIONS = NO;
				ENABLE_STRICT_OBJC_MSGSEND = YES;
				GCC_C_LANGUAGE_STANDARD = gnu11;
				GCC_NO_COMMON_BLOCKS = YES;
				GCC_WARN_64_TO_32_BIT_CONVERSION = YES;
				GCC_WARN_ABOUT_RETURN_TYPE = YES_ERROR;
				GCC_WARN_UNDECLARED_SELECTOR = YES;
				GCC_WARN_UNINITIALIZED_AUTOS = YES_AGGRESSIVE;
				GCC_WARN_UNUSED_FUNCTION = YES;
				GCC_WARN_UNUSED_VARIABLE = YES;
				MTL_ENABLE_DEBUG_INFO = NO;
				MTL_FAST_MATH = YES;
				SWIFT_COMPILATION_MODE = wholemodule;
				SWIFT_OPTIMIZATION_LEVEL = "-O";
			};
			name = Release;
		};
		EED6CA5E2AB60AA600C1B421 /* Debug */ = {
			isa = XCBuildConfiguration;
			buildSettings = {
				ALWAYS_EMBED_SWIFT_STANDARD_LIBRARIES = YES;
				ASSETCATALOG_COMPILER_APPICON_NAME = AppIcon;
				ASSETCATALOG_COMPILER_GLOBAL_ACCENT_COLOR_NAME = AccentColor;
				CODE_SIGN_ENTITLEMENTS = "SwiftUI-Homework/SwiftUI_Homework.entitlements";
				CODE_SIGN_STYLE = Automatic;
				CURRENT_PROJECT_VERSION = 1;
				DEVELOPMENT_ASSET_PATHS = "\"SwiftUI-Homework/Preview Content\"";
				DEVELOPMENT_TEAM = V6R4C94Z69;
				ENABLE_HARDENED_RUNTIME = YES;
				ENABLE_PREVIEWS = YES;
				GENERATE_INFOPLIST_FILE = YES;
				"INFOPLIST_KEY_UIApplicationSceneManifest_Generation[sdk=iphoneos*]" = YES;
				"INFOPLIST_KEY_UIApplicationSceneManifest_Generation[sdk=iphonesimulator*]" = YES;
				"INFOPLIST_KEY_UIApplicationSupportsIndirectInputEvents[sdk=iphoneos*]" = YES;
				"INFOPLIST_KEY_UIApplicationSupportsIndirectInputEvents[sdk=iphonesimulator*]" = YES;
				"INFOPLIST_KEY_UILaunchScreen_Generation[sdk=iphoneos*]" = YES;
				"INFOPLIST_KEY_UILaunchScreen_Generation[sdk=iphonesimulator*]" = YES;
				"INFOPLIST_KEY_UIStatusBarStyle[sdk=iphoneos*]" = UIStatusBarStyleDefault;
				"INFOPLIST_KEY_UIStatusBarStyle[sdk=iphonesimulator*]" = UIStatusBarStyleDefault;
				INFOPLIST_KEY_UISupportedInterfaceOrientations_iPad = "UIInterfaceOrientationPortrait UIInterfaceOrientationPortraitUpsideDown UIInterfaceOrientationLandscapeLeft UIInterfaceOrientationLandscapeRight";
				INFOPLIST_KEY_UISupportedInterfaceOrientations_iPhone = "UIInterfaceOrientationPortrait UIInterfaceOrientationLandscapeLeft UIInterfaceOrientationLandscapeRight";
				IPHONEOS_DEPLOYMENT_TARGET = 16.4;
				LD_RUNPATH_SEARCH_PATHS = "@executable_path/Frameworks";
				"LD_RUNPATH_SEARCH_PATHS[sdk=macosx*]" = "@executable_path/../Frameworks";
				MACOSX_DEPLOYMENT_TARGET = 13.3;
				MARKETING_VERSION = 1.0;
				PRODUCT_BUNDLE_IDENTIFIER = "grigorchukanastasiia.SwiftUI-Homework";
				PRODUCT_NAME = "$(TARGET_NAME)";
				SDKROOT = auto;
				SUPPORTED_PLATFORMS = "iphoneos iphonesimulator macosx";
				SWIFT_EMIT_LOC_STRINGS = YES;
				SWIFT_VERSION = 5.0;
				TARGETED_DEVICE_FAMILY = "1,2";
			};
			name = Debug;
		};
		EED6CA5F2AB60AA600C1B421 /* Release */ = {
			isa = XCBuildConfiguration;
			buildSettings = {
				ALWAYS_EMBED_SWIFT_STANDARD_LIBRARIES = YES;
				ASSETCATALOG_COMPILER_APPICON_NAME = AppIcon;
				ASSETCATALOG_COMPILER_GLOBAL_ACCENT_COLOR_NAME = AccentColor;
				CODE_SIGN_ENTITLEMENTS = "SwiftUI-Homework/SwiftUI_Homework.entitlements";
				CODE_SIGN_STYLE = Automatic;
				CURRENT_PROJECT_VERSION = 1;
				DEVELOPMENT_ASSET_PATHS = "\"SwiftUI-Homework/Preview Content\"";
				DEVELOPMENT_TEAM = V6R4C94Z69;
				ENABLE_HARDENED_RUNTIME = YES;
				ENABLE_PREVIEWS = YES;
				GENERATE_INFOPLIST_FILE = YES;
				"INFOPLIST_KEY_UIApplicationSceneManifest_Generation[sdk=iphoneos*]" = YES;
				"INFOPLIST_KEY_UIApplicationSceneManifest_Generation[sdk=iphonesimulator*]" = YES;
				"INFOPLIST_KEY_UIApplicationSupportsIndirectInputEvents[sdk=iphoneos*]" = YES;
				"INFOPLIST_KEY_UIApplicationSupportsIndirectInputEvents[sdk=iphonesimulator*]" = YES;
				"INFOPLIST_KEY_UILaunchScreen_Generation[sdk=iphoneos*]" = YES;
				"INFOPLIST_KEY_UILaunchScreen_Generation[sdk=iphonesimulator*]" = YES;
				"INFOPLIST_KEY_UIStatusBarStyle[sdk=iphoneos*]" = UIStatusBarStyleDefault;
				"INFOPLIST_KEY_UIStatusBarStyle[sdk=iphonesimulator*]" = UIStatusBarStyleDefault;
				INFOPLIST_KEY_UISupportedInterfaceOrientations_iPad = "UIInterfaceOrientationPortrait UIInterfaceOrientationPortraitUpsideDown UIInterfaceOrientationLandscapeLeft UIInterfaceOrientationLandscapeRight";
				INFOPLIST_KEY_UISupportedInterfaceOrientations_iPhone = "UIInterfaceOrientationPortrait UIInterfaceOrientationLandscapeLeft UIInterfaceOrientationLandscapeRight";
				IPHONEOS_DEPLOYMENT_TARGET = 16.4;
				LD_RUNPATH_SEARCH_PATHS = "@executable_path/Frameworks";
				"LD_RUNPATH_SEARCH_PATHS[sdk=macosx*]" = "@executable_path/../Frameworks";
				MACOSX_DEPLOYMENT_TARGET = 13.3;
				MARKETING_VERSION = 1.0;
				PRODUCT_BUNDLE_IDENTIFIER = "grigorchukanastasiia.SwiftUI-Homework";
				PRODUCT_NAME = "$(TARGET_NAME)";
				SDKROOT = auto;
				SUPPORTED_PLATFORMS = "iphoneos iphonesimulator macosx";
				SWIFT_EMIT_LOC_STRINGS = YES;
				SWIFT_VERSION = 5.0;
				TARGETED_DEVICE_FAMILY = "1,2";
			};
			name = Release;
		};
/* End XCBuildConfiguration section */

/* Begin XCConfigurationList section */
		EEC8C63E2AC47A9E00BEE667 /* Build configuration list for PBXNativeTarget "WatchLandmarks Watch App" */ = {
			isa = XCConfigurationList;
			buildConfigurations = (
				EEC8C63C2AC47A9E00BEE667 /* Debug */,
				EEC8C63D2AC47A9E00BEE667 /* Release */,
			);
			defaultConfigurationIsVisible = 0;
			defaultConfigurationName = Release;
		};
		EED6CA492AB60AA400C1B421 /* Build configuration list for PBXProject "SwiftUI-Homework" */ = {
			isa = XCConfigurationList;
			buildConfigurations = (
				EED6CA5B2AB60AA600C1B421 /* Debug */,
				EED6CA5C2AB60AA600C1B421 /* Release */,
			);
			defaultConfigurationIsVisible = 0;
			defaultConfigurationName = Release;
		};
		EED6CA5D2AB60AA600C1B421 /* Build configuration list for PBXNativeTarget "SwiftUI-Homework" */ = {
			isa = XCConfigurationList;
			buildConfigurations = (
				EED6CA5E2AB60AA600C1B421 /* Debug */,
				EED6CA5F2AB60AA600C1B421 /* Release */,
			);
			defaultConfigurationIsVisible = 0;
			defaultConfigurationName = Release;
		};
/* End XCConfigurationList section */
	};
	rootObject = EED6CA462AB60AA400C1B421 /* Project object */;
}
